
Microsoft Visual Studio Solution File, Format Version 12.00
Project("{FAE04EC0-301F-11D3-BF4B-00C04F79EFBC}") = "P1_1Classes", "P1_1Classes\P1_1Classes.csproj", "{730F9572-3A69-4217-A26C-C2B2A43EBF62}"
EndProject
Project("{FAE04EC0-301F-11D3-BF4B-00C04F79EFBC}") = "P1-Classes_and_Objects", "P1-Classes_and_Objects\P1-Classes_and_Objects.csproj", "{2666B254-CD30-4318-A01D-F04A56B4DDC5}"
EndProject
Project("{FAE04EC0-301F-11D3-BF4B-00C04F79EFBC}") = "P2Fields", "P2Fields\P2Fields.csproj", "{E1C4640A-2A68-40EF-AB79-AED619B02587}"
EndProject
Project("{FAE04EC0-301F-11D3-BF4B-00C04F79EFBC}") = "P3LevelUp", "P3LevelUp\P3LevelUp.csproj", "{EE9A1F2C-3410-492F-A4B0-BF233B6A4F6D}"
EndProject
Project("{FAE04EC0-301F-11D3-BF4B-00C04F79EFBC}") = "P4Attack", "P4Attack\P4Attack.csproj", "{DBBCFFF5-D1C4-44A8-97E2-410D6B8130C5}"
EndProject
Project("{FAE04EC0-301F-11D3-BF4B-00C04F79EFBC}") = "P5Classified", "P5Classified\P5Classified.csproj", "{9F527166-22F8-4513-BD33-423465575CAA}"
EndProject
Project("{FAE04EC0-301F-11D3-BF4B-00C04F79EFBC}") = "P6GoodKnight", "P6GoodKnight\P6GoodKnight.csproj", "{DA35DE91-E0AA-4CA9-96C5-BB72931B032E}"
EndProject
Project("{FAE04EC0-301F-11D3-BF4B-00C04F79EFBC}") = "P5_2Harvest", "P5_2Harvest\P5_2Harvest.csproj", "{4D9E07E2-A8C2-43AB-B28C-89437527D1A0}"
EndProject
Project("{FAE04EC0-301F-11D3-BF4B-00C04F79EFBC}") = "P6_1WellHelloThere", "P6_1WellHelloThere\P6_1WellHelloThere.csproj", "{BF0CB691-4AA4-4B19-A41F-39361320A578}"
EndProject
Project("{FAE04EC0-301F-11D3-BF4B-00C04F79EFBC}") = "Rpg", "Rpg\Rpg.csproj", "{A6CB789C-4B71-4F0F-A0CC-D55334FD2A99}"
EndProject
Global
	GlobalSection(SolutionConfigurationPlatforms) = preSolution
		Debug|Any CPU = Debug|Any CPU
		Release|Any CPU = Release|Any CPU
	EndGlobalSection
	GlobalSection(ProjectConfigurationPlatforms) = postSolution
		{730F9572-3A69-4217-A26C-C2B2A43EBF62}.Debug|Any CPU.ActiveCfg = Debug|Any CPU
		{730F9572-3A69-4217-A26C-C2B2A43EBF62}.Debug|Any CPU.Build.0 = Debug|Any CPU
		{730F9572-3A69-4217-A26C-C2B2A43EBF62}.Release|Any CPU.ActiveCfg = Release|Any CPU
		{730F9572-3A69-4217-A26C-C2B2A43EBF62}.Release|Any CPU.Build.0 = Release|Any CPU
		{2666B254-CD30-4318-A01D-F04A56B4DDC5}.Debug|Any CPU.ActiveCfg = Debug|Any CPU
		{2666B254-CD30-4318-A01D-F04A56B4DDC5}.Debug|Any CPU.Build.0 = Debug|Any CPU
		{2666B254-CD30-4318-A01D-F04A56B4DDC5}.Release|Any CPU.ActiveCfg = Release|Any CPU
		{2666B254-CD30-4318-A01D-F04A56B4DDC5}.Release|Any CPU.Build.0 = Release|Any CPU
		{E1C4640A-2A68-40EF-AB79-AED619B02587}.Debug|Any CPU.ActiveCfg = Debug|Any CPU
		{E1C4640A-2A68-40EF-AB79-AED619B02587}.Debug|Any CPU.Build.0 = Debug|Any CPU
		{E1C4640A-2A68-40EF-AB79-AED619B02587}.Release|Any CPU.ActiveCfg = Release|Any CPU
		{E1C4640A-2A68-40EF-AB79-AED619B02587}.Release|Any CPU.Build.0 = Release|Any CPU
		{EE9A1F2C-3410-492F-A4B0-BF233B6A4F6D}.Debug|Any CPU.ActiveCfg = Debug|Any CPU
		{EE9A1F2C-3410-492F-A4B0-BF233B6A4F6D}.Debug|Any CPU.Build.0 = Debug|Any CPU
		{EE9A1F2C-3410-492F-A4B0-BF233B6A4F6D}.Release|Any CPU.ActiveCfg = Release|Any CPU
		{EE9A1F2C-3410-492F-A4B0-BF233B6A4F6D}.Release|Any CPU.Build.0 = Release|Any CPU
		{DBBCFFF5-D1C4-44A8-97E2-410D6B8130C5}.Debug|Any CPU.ActiveCfg = Debug|Any CPU
		{DBBCFFF5-D1C4-44A8-97E2-410D6B8130C5}.Debug|Any CPU.Build.0 = Debug|Any CPU
		{DBBCFFF5-D1C4-44A8-97E2-410D6B8130C5}.Release|Any CPU.ActiveCfg = Release|Any CPU
		{DBBCFFF5-D1C4-44A8-97E2-410D6B8130C5}.Release|Any CPU.Build.0 = Release|Any CPU
		{9F527166-22F8-4513-BD33-423465575CAA}.Debug|Any CPU.ActiveCfg = Debug|Any CPU
		{9F527166-22F8-4513-BD33-423465575CAA}.Debug|Any CPU.Build.0 = Debug|Any CPU
		{9F527166-22F8-4513-BD33-423465575CAA}.Release|Any CPU.ActiveCfg = Release|Any CPU
		{9F527166-22F8-4513-BD33-423465575CAA}.Release|Any CPU.Build.0 = Release|Any CPU
		{DA35DE91-E0AA-4CA9-96C5-BB72931B032E}.Debug|Any CPU.ActiveCfg = Debug|Any CPU
		{DA35DE91-E0AA-4CA9-96C5-BB72931B032E}.Debug|Any CPU.Build.0 = Debug|Any CPU
		{DA35DE91-E0AA-4CA9-96C5-BB72931B032E}.Release|Any CPU.ActiveCfg = Release|Any CPU
		{DA35DE91-E0AA-4CA9-96C5-BB72931B032E}.Release|Any CPU.Build.0 = Release|Any CPU
		{4D9E07E2-A8C2-43AB-B28C-89437527D1A0}.Debug|Any CPU.ActiveCfg = Debug|Any CPU
		{4D9E07E2-A8C2-43AB-B28C-89437527D1A0}.Debug|Any CPU.Build.0 = Debug|Any CPU
		{4D9E07E2-A8C2-43AB-B28C-89437527D1A0}.Release|Any CPU.ActiveCfg = Release|Any CPU
		{4D9E07E2-A8C2-43AB-B28C-89437527D1A0}.Release|Any CPU.Build.0 = Release|Any CPU
		{BF0CB691-4AA4-4B19-A41F-39361320A578}.Debug|Any CPU.ActiveCfg = Debug|Any CPU
		{BF0CB691-4AA4-4B19-A41F-39361320A578}.Debug|Any CPU.Build.0 = Debug|Any CPU
		{BF0CB691-4AA4-4B19-A41F-39361320A578}.Release|Any CPU.ActiveCfg = Release|Any CPU
		{BF0CB691-4AA4-4B19-A41F-39361320A578}.Release|Any CPU.Build.0 = Release|Any CPU
		{A6CB789C-4B71-4F0F-A0CC-D55334FD2A99}.Debug|Any CPU.ActiveCfg = Debug|Any CPU
		{A6CB789C-4B71-4F0F-A0CC-D55334FD2A99}.Debug|Any CPU.Build.0 = Debug|Any CPU
		{A6CB789C-4B71-4F0F-A0CC-D55334FD2A99}.Release|Any CPU.ActiveCfg = Release|Any CPU
		{A6CB789C-4B71-4F0F-A0CC-D55334FD2A99}.Release|Any CPU.Build.0 = Release|Any CPU
	EndGlobalSection
EndGlobal
